
Microsoft Visual Studio Solution File, Format Version 12.00
# Visual Studio 15
VisualStudioVersion = 15.0.27130.2024
MinimumVisualStudioVersion = 10.0.40219.1
Project("{FAE04EC0-301F-11D3-BF4B-00C04F79EFBC}") = "Calculator", "Calculator\Calculator.csproj", "{5D8D484E-C894-49AB-94FB-2154E04A7594}"
EndProject
Global
	GlobalSection(SolutionConfigurationPlatforms) = preSolution
		Debug|Any CPU = Debug|Any CPU
		Release|Any CPU = Release|Any CPU
	EndGlobalSection
	GlobalSection(ProjectConfigurationPlatforms) = postSolution
		{5D8D484E-C894-49AB-94FB-2154E04A7594}.Debug|Any CPU.ActiveCfg = Debug|Any CPU
		{5D8D484E-C894-49AB-94FB-2154E04A7594}.Debug|Any CPU.Build.0 = Debug|Any CPU
		{5D8D484E-C894-49AB-94FB-2154E04A7594}.Release|Any CPU.ActiveCfg = Release|Any CPU
		{5D8D484E-C894-49AB-94FB-2154E04A7594}.Release|Any CPU.Build.0 = Release|Any CPU
	EndGlobalSection
	GlobalSection(SolutionProperties) = preSolution
		HideSolutionNode = FALSE
	EndGlobalSection
	GlobalSection(ExtensibilityGlobals) = postSolution
		SolutionGuid = {B48D5C46-BA87-4DE8-859F-6BB88F832D4C}
	EndGlobalSection
EndGlobal
