
Microsoft Visual Studio Solution File, Format Version 12.00
# Visual Studio 15
VisualStudioVersion = 15.0.27130.2024
MinimumVisualStudioVersion = 10.0.40219.1
Project("{FAE04EC0-301F-11D3-BF4B-00C04F79EFBC}") = "zad4", "zad4\zad4.csproj", "{80B30F05-5B1A-4E16-86B3-D950FD2E7ED5}"
EndProject
Global
	GlobalSection(SolutionConfigurationPlatforms) = preSolution
		Debug|Any CPU = Debug|Any CPU
		Release|Any CPU = Release|Any CPU
	EndGlobalSection
	GlobalSection(ProjectConfigurationPlatforms) = postSolution
		{80B30F05-5B1A-4E16-86B3-D950FD2E7ED5}.Debug|Any CPU.ActiveCfg = Debug|Any CPU
		{80B30F05-5B1A-4E16-86B3-D950FD2E7ED5}.Debug|Any CPU.Build.0 = Debug|Any CPU
		{80B30F05-5B1A-4E16-86B3-D950FD2E7ED5}.Release|Any CPU.ActiveCfg = Release|Any CPU
		{80B30F05-5B1A-4E16-86B3-D950FD2E7ED5}.Release|Any CPU.Build.0 = Release|Any CPU
	EndGlobalSection
	GlobalSection(SolutionProperties) = preSolution
		HideSolutionNode = FALSE
	EndGlobalSection
	GlobalSection(ExtensibilityGlobals) = postSolution
		SolutionGuid = {68D4A7A3-7C7A-4DA7-B587-D9E0F8AF087F}
	EndGlobalSection
EndGlobal
