
Microsoft Visual Studio Solution File, Format Version 12.00
# Visual Studio 15
VisualStudioVersion = 15.0.27130.2024
MinimumVisualStudioVersion = 10.0.40219.1
Project("{FAE04EC0-301F-11D3-BF4B-00C04F79EFBC}") = "Serialization Deserialization", "Serialization Deserialization\Serialization Deserialization.csproj", "{9901A6BD-7919-4BA2-A6D8-AE10DD00175E}"
EndProject
Global
	GlobalSection(SolutionConfigurationPlatforms) = preSolution
		Debug|Any CPU = Debug|Any CPU
		Release|Any CPU = Release|Any CPU
	EndGlobalSection
	GlobalSection(ProjectConfigurationPlatforms) = postSolution
		{9901A6BD-7919-4BA2-A6D8-AE10DD00175E}.Debug|Any CPU.ActiveCfg = Debug|Any CPU
		{9901A6BD-7919-4BA2-A6D8-AE10DD00175E}.Debug|Any CPU.Build.0 = Debug|Any CPU
		{9901A6BD-7919-4BA2-A6D8-AE10DD00175E}.Release|Any CPU.ActiveCfg = Release|Any CPU
		{9901A6BD-7919-4BA2-A6D8-AE10DD00175E}.Release|Any CPU.Build.0 = Release|Any CPU
	EndGlobalSection
	GlobalSection(SolutionProperties) = preSolution
		HideSolutionNode = FALSE
	EndGlobalSection
	GlobalSection(ExtensibilityGlobals) = postSolution
		SolutionGuid = {D05A41B5-8CA5-4251-AFD8-DC5EA556E09D}
	EndGlobalSection
EndGlobal
