
Microsoft Visual Studio Solution File, Format Version 12.00
# Visual Studio 15
VisualStudioVersion = 15.0.27130.2024
MinimumVisualStudioVersion = 10.0.40219.1
Project("{FAE04EC0-301F-11D3-BF4B-00C04F79EFBC}") = "Serialization quiz", "Serialization quiz\Serialization quiz.csproj", "{7BC66EAC-7813-488A-9980-16D41E199514}"
EndProject
Global
	GlobalSection(SolutionConfigurationPlatforms) = preSolution
		Debug|Any CPU = Debug|Any CPU
		Release|Any CPU = Release|Any CPU
	EndGlobalSection
	GlobalSection(ProjectConfigurationPlatforms) = postSolution
		{7BC66EAC-7813-488A-9980-16D41E199514}.Debug|Any CPU.ActiveCfg = Debug|Any CPU
		{7BC66EAC-7813-488A-9980-16D41E199514}.Debug|Any CPU.Build.0 = Debug|Any CPU
		{7BC66EAC-7813-488A-9980-16D41E199514}.Release|Any CPU.ActiveCfg = Release|Any CPU
		{7BC66EAC-7813-488A-9980-16D41E199514}.Release|Any CPU.Build.0 = Release|Any CPU
	EndGlobalSection
	GlobalSection(SolutionProperties) = preSolution
		HideSolutionNode = FALSE
	EndGlobalSection
	GlobalSection(ExtensibilityGlobals) = postSolution
		SolutionGuid = {42EECF3D-3809-4D3C-9415-3DF18E466EDA}
	EndGlobalSection
EndGlobal
