
Microsoft Visual Studio Solution File, Format Version 12.00
# Visual Studio 15
VisualStudioVersion = 15.0.27130.2024
MinimumVisualStudioVersion = 10.0.40219.1
Project("{FAE04EC0-301F-11D3-BF4B-00C04F79EFBC}") = "Delegate Task", "Delegate Task\Delegate Task.csproj", "{CC5730E1-BCF9-4419-89A0-9C544A765F37}"
EndProject
Global
	GlobalSection(SolutionConfigurationPlatforms) = preSolution
		Debug|Any CPU = Debug|Any CPU
		Release|Any CPU = Release|Any CPU
	EndGlobalSection
	GlobalSection(ProjectConfigurationPlatforms) = postSolution
		{CC5730E1-BCF9-4419-89A0-9C544A765F37}.Debug|Any CPU.ActiveCfg = Debug|Any CPU
		{CC5730E1-BCF9-4419-89A0-9C544A765F37}.Debug|Any CPU.Build.0 = Debug|Any CPU
		{CC5730E1-BCF9-4419-89A0-9C544A765F37}.Release|Any CPU.ActiveCfg = Release|Any CPU
		{CC5730E1-BCF9-4419-89A0-9C544A765F37}.Release|Any CPU.Build.0 = Release|Any CPU
	EndGlobalSection
	GlobalSection(SolutionProperties) = preSolution
		HideSolutionNode = FALSE
	EndGlobalSection
	GlobalSection(ExtensibilityGlobals) = postSolution
		SolutionGuid = {24846856-F5D5-4D16-95F7-87F494627259}
	EndGlobalSection
EndGlobal
